
Microsoft Visual Studio Solution File, Format Version 12.00
# Visual Studio Version 17
VisualStudioVersion = 17.6.33801.468
MinimumVisualStudioVersion = 10.0.40219.1
Project("{FAE04EC0-301F-11D3-BF4B-00C04F79EFBC}") = "MqttPublisher", "MqttPublisher\MqttPublisher.csproj", "{799F9E06-A0D8-4A92-A915-E0999A0A944F}"
EndProject
Project("{FAE04EC0-301F-11D3-BF4B-00C04F79EFBC}") = "MqttSubscriber", "MqttSubscriber\MqttSubscriber.csproj", "{51F161F1-254B-4155-9164-D249745DFE14}"
EndProject
Global
	GlobalSection(SolutionConfigurationPlatforms) = preSolution
		Debug|Any CPU = Debug|Any CPU
		Release|Any CPU = Release|Any CPU
	EndGlobalSection
	GlobalSection(ProjectConfigurationPlatforms) = postSolution
		{799F9E06-A0D8-4A92-A915-E0999A0A944F}.Debug|Any CPU.ActiveCfg = Debug|Any CPU
		{799F9E06-A0D8-4A92-A915-E0999A0A944F}.Debug|Any CPU.Build.0 = Debug|Any CPU
		{799F9E06-A0D8-4A92-A915-E0999A0A944F}.Release|Any CPU.ActiveCfg = Release|Any CPU
		{799F9E06-A0D8-4A92-A915-E0999A0A944F}.Release|Any CPU.Build.0 = Release|Any CPU
		{51F161F1-254B-4155-9164-D249745DFE14}.Debug|Any CPU.ActiveCfg = Debug|Any CPU
		{51F161F1-254B-4155-9164-D249745DFE14}.Debug|Any CPU.Build.0 = Debug|Any CPU
		{51F161F1-254B-4155-9164-D249745DFE14}.Release|Any CPU.ActiveCfg = Release|Any CPU
		{51F161F1-254B-4155-9164-D249745DFE14}.Release|Any CPU.Build.0 = Release|Any CPU
	EndGlobalSection
	GlobalSection(SolutionProperties) = preSolution
		HideSolutionNode = FALSE
	EndGlobalSection
	GlobalSection(ExtensibilityGlobals) = postSolution
		SolutionGuid = {3B59D986-1D04-4DA9-B0D1-A77D643D9582}
	EndGlobalSection
EndGlobal
